// !$*UTF8*$!
{
	archiveVersion = 1;
	classes = {
	};
	objectVersion = 46;
	objects = {

/* Begin PBXBuildFile section */
		F33912151C05249A00294431 /* AppDelegate.swift in Sources */ = {isa = PBXBuildFile; fileRef = F33912141C05249A00294431 /* AppDelegate.swift */; };
		F33912171C05249A00294431 /* ViewController.swift in Sources */ = {isa = PBXBuildFile; fileRef = F33912161C05249A00294431 /* ViewController.swift */; };
		F339121A1C05249A00294431 /* Main.storyboard in Resources */ = {isa = PBXBuildFile; fileRef = F33912181C05249A00294431 /* Main.storyboard */; };
		F339121C1C05249A00294431 /* Assets.xcassets in Resources */ = {isa = PBXBuildFile; fileRef = F339121B1C05249A00294431 /* Assets.xcassets */; };
		F339121F1C05249A00294431 /* LaunchScreen.storyboard in Resources */ = {isa = PBXBuildFile; fileRef = F339121D1C05249A00294431 /* LaunchScreen.storyboard */; };
/* End PBXBuildFile section */

/* Begin PBXFileReference section */
		F33912111C05249A00294431 /* SnapChatLikeNavigation.app */ = {isa = PBXFileReference; explicitFileType = wrapper.application; includeInIndex = 0; path = SnapChatLikeNavigation.app; sourceTree = BUILT_PRODUCTS_DIR; };
		F33912141C05249A00294431 /* AppDelegate.swift */ = {isa = PBXFileReference; lastKnownFileType = sourcecode.swift; path = AppDelegate.swift; sourceTree = "<group>"; };
		F33912161C05249A00294431 /* ViewController.swift */ = {isa = PBXFileReference; lastKnownFileType = sourcecode.swift; path = ViewController.swift; sourceTree = "<group>"; };
		F33912191C05249A00294431 /* Base */ = {isa = PBXFileReference; lastKnownFileType = file.storyboard; name = Base; path = Base.lproj/Main.storyboard; sourceTree = "<group>"; };
		F339121B1C05249A00294431 /* Assets.xcassets */ = {isa = PBXFileReference; lastKnownFileType = folder.assetcatalog; path = Assets.xcassets; sourceTree = "<group>"; };
		F339121E1C05249A00294431 /* Base */ = {isa = PBXFileReference; lastKnownFileType = file.storyboard; name = Base; path = Base.lproj/LaunchScreen.storyboard; sourceTree = "<group>"; };
		F33912201C05249A00294431 /* Info.plist */ = {isa = PBXFileReference; lastKnownFileType = text.plist.xml; path = Info.plist; sourceTree = "<group>"; };
/* End PBXFileReference section */

/* Begin PBXFrameworksBuildPhase section */
		F339120E1C05249A00294431 /* Frameworks */ = {
			isa = PBXFrameworksBuildPhase;
			buildActionMask = 2147483647;
			files = (
			);
			runOnlyForDeploymentPostprocessing = 0;
		};
/* End PBXFrameworksBuildPhase section */

/* Begin PBXGroup section */
		F33912081C05249A00294431 = {
			isa = PBXGroup;
			children = (
				F33912131C05249A00294431 /* SnapChatLikeNavigation */,
				F33912121C05249A00294431 /* Products */,
			);
			sourceTree = "<group>";
		};
		F33912121C05249A00294431 /* Products */ = {
			isa = PBXGroup;
			children = (
				F33912111C05249A00294431 /* SnapChatLikeNavigation.app */,
			);
			name = Products;
			sourceTree = "<group>";
		};
		F33912131C05249A00294431 /* SnapChatLikeNavigation */ = {
			isa = PBXGroup;
			children = (
				F33912141C05249A00294431 /* AppDelegate.swift */,
				F33912161C05249A00294431 /* ViewController.swift */,
				F33912181C05249A00294431 /* Main.storyboard */,
				F339121B1C05249A00294431 /* Assets.xcassets */,
				F339121D1C05249A00294431 /* LaunchScreen.storyboard */,
				F33912201C05249A00294431 /* Info.plist */,
			);
			path = SnapChatLikeNavigation;
			sourceTree = "<group>";
		};
/* End PBXGroup section */

/* Begin PBXNativeTarget section */
		F33912101C05249A00294431 /* SnapChatLikeNavigation */ = {
			isa = PBXNativeTarget;
			buildConfigurationList = F33912231C05249A00294431 /* Build configuration list for PBXNativeTarget "SnapChatLikeNavigation" */;
			buildPhases = (
				F339120D1C05249A00294431 /* Sources */,
				F339120E1C05249A00294431 /* Frameworks */,
				F339120F1C05249A00294431 /* Resources */,
			);
			buildRules = (
			);
			dependencies = (
			);
			name = SnapChatLikeNavigation;
			productName = SnapChatLikeNavigation;
			productReference = F33912111C05249A00294431 /* SnapChatLikeNavigation.app */;
			productType = "com.apple.product-type.application";
		};
/* End PBXNativeTarget section */

/* Begin PBXProject section */
		F33912091C05249A00294431 /* Project object */ = {
			isa = PBXProject;
			attributes = {
				LastSwiftUpdateCheck = 0710;
				LastUpgradeCheck = 0710;
				ORGANIZATIONNAME = Peyman;
				TargetAttributes = {
					F33912101C05249A00294431 = {
						CreatedOnToolsVersion = 7.1.1;
					};
				};
			};
			buildConfigurationList = F339120C1C05249A00294431 /* Build configuration list for PBXProject "SnapChatLikeNavigation" */;
			compatibilityVersion = "Xcode 3.2";
			developmentRegion = English;
			hasScannedForEncodings = 0;
			knownRegions = (
				en,
				Base,
			);
			mainGroup = F33912081C05249A00294431;
			productRefGroup = F33912121C05249A00294431 /* Products */;
			projectDirPath = "";
			projectRoot = "";
			targets = (
				F33912101C05249A00294431 /* SnapChatLikeNavigation */,
			);
		};
/* End PBXProject section */

/* Begin PBXResourcesBuildPhase section */
		F339120F1C05249A00294431 /* Resources */ = {
			isa = PBXResourcesBuildPhase;
			buildActionMask = 2147483647;
			files = (
				F339121F1C05249A00294431 /* LaunchScreen.storyboard in Resources */,
				F339121C1C05249A00294431 /* Assets.xcassets in Resources */,
				F339121A1C05249A00294431 /* Main.storyboard in Resources */,
			);
			runOnlyForDeploymentPostprocessing = 0;
		};
/* End PBXResourcesBuildPhase section */

/* Begin PBXSourcesBuildPhase section */
		F339120D1C05249A00294431 /* Sources */ = {
			isa = PBXSourcesBuildPhase;
			buildActionMask = 2147483647;
			files = (
				F33912171C05249A00294431 /* ViewController.swift in Sources */,
				F33912151C05249A00294431 /* AppDelegate.swift in Sources */,
			);
			runOnlyForDeploymentPostprocessing = 0;
		};
/* End PBXSourcesBuildPhase section */

/* Begin PBXVariantGroup section */
		F33912181C05249A00294431 /* Main.storyboard */ = {
			isa = PBXVariantGroup;
			children = (
				F33912191C05249A00294431 /* Base */,
			);
			name = Main.storyboard;
			sourceTree = "<group>";
		};
		F339121D1C05249A00294431 /* LaunchScreen.storyboard */ = {
			isa = PBXVariantGroup;
			children = (
				F339121E1C05249A00294431 /* Base */,
			);
			name = LaunchScreen.storyboard;
			sourceTree = "<group>";
		};
/* End PBXVariantGroup section */

/* Begin XCBuildConfiguration section */
		F33912211C05249A00294431 /* Debug */ = {
			isa = XCBuildConfiguration;
			buildSettings = {
				ALWAYS_SEARCH_USER_PATHS = NO;
				CLANG_CXX_LANGUAGE_STANDARD = "gnu++0x";
				CLANG_CXX_LIBRARY = "libc++";
				CLANG_ENABLE_MODULES = YES;
				CLANG_ENABLE_OBJC_ARC = YES;
				CLANG_WARN_BOOL_CONVERSION = YES;
				CLANG_WARN_CONSTANT_CONVERSION = YES;
				CLANG_WARN_DIRECT_OBJC_ISA_USAGE = YES_ERROR;
				CLANG_WARN_EMPTY_BODY = YES;
				CLANG_WARN_ENUM_CONVERSION = YES;
				CLANG_WARN_INT_CONVERSION = YES;
				CLANG_WARN_OBJC_ROOT_CLASS = YES_ERROR;
				CLANG_WARN_UNREACHABLE_CODE = YES;
				CLANG_WARN__DUPLICATE_METHOD_MATCH = YES;
				"CODE_SIGN_IDENTITY[sdk=iphoneos*]" = "iPhone Developer";
				COPY_PHASE_STRIP = NO;
				DEBUG_INFORMATION_FORMAT = dwarf;
				ENABLE_STRICT_OBJC_MSGSEND = YES;
				ENABLE_TESTABILITY = YES;
				GCC_C_LANGUAGE_STANDARD = gnu99;
				GCC_DYNAMIC_NO_PIC = NO;
				GCC_NO_COMMON_BLOCKS = YES;
				GCC_OPTIMIZATION_LEVEL = 0;
				GCC_PREPROCESSOR_DEFINITIONS = (
					"DEBUG=1",
					"$(inherited)",
				);
				GCC_WARN_64_TO_32_BIT_CONVERSION = YES;
				GCC_WARN_ABOUT_RETURN_TYPE = YES_ERROR;
				GCC_WARN_UNDECLARED_SELECTOR = YES;
				GCC_WARN_UNINITIALIZED_AUTOS = YES_AGGRESSIVE;
				GCC_WARN_UNUSED_FUNCTION = YES;
				GCC_WARN_UNUSED_VARIABLE = YES;
				IPHONEOS_DEPLOYMENT_TARGET = 9.1;
				MTL_ENABLE_DEBUG_INFO = YES;
				ONLY_ACTIVE_ARCH = YES;
				SDKROOT = iphoneos;
				SWIFT_OPTIMIZATION_LEVEL = "-Onone";
				TARGETED_DEVICE_FAMILY = "1,2";
			};
			name = Debug;
		};
		F33912221C05249A00294431 /* Release */ = {
			isa = XCBuildConfiguration;
			buildSettings = {
				ALWAYS_SEARCH_USER_PATHS = NO;
				CLANG_CXX_LANGUAGE_STANDARD = "gnu++0x";
				CLANG_CXX_LIBRARY = "libc++";
				CLANG_ENABLE_MODULES = YES;
				CLANG_ENABLE_OBJC_ARC = YES;
				CLANG_WARN_BOOL_CONVERSION = YES;
				CLANG_WARN_CONSTANT_CONVERSION = YES;
				CLANG_WARN_DIRECT_OBJC_ISA_USAGE = YES_ERROR;
				CLANG_WARN_EMPTY_BODY = YES;
				CLANG_WARN_ENUM_CONVERSION = YES;
				CLANG_WARN_INT_CONVERSION = YES;
				CLANG_WARN_OBJC_ROOT_CLASS = YES_ERROR;
				CLANG_WARN_UNREACHABLE_CODE = YES;
				CLANG_WARN__DUPLICATE_METHOD_MATCH = YES;
				"CODE_SIGN_IDENTITY[sdk=iphoneos*]" = "iPhone Developer";
				COPY_PHASE_STRIP = NO;
				DEBUG_INFORMATION_FORMAT = "dwarf-with-dsym";
				ENABLE_NS_ASSERTIONS = NO;
				ENABLE_STRICT_OBJC_MSGSEND = YES;
				GCC_C_LANGUAGE_STANDARD = gnu99;
				GCC_NO_COMMON_BLOCKS = YES;
				GCC_WARN_64_TO_32_BIT_CONVERSION = YES;
				GCC_WARN_ABOUT_RETURN_TYPE = YES_ERROR;
				GCC_WARN_UNDECLARED_SELECTOR = YES;
				GCC_WARN_UNINITIALIZED_AUTOS = YES_AGGRESSIVE;
				GCC_WARN_UNUSED_FUNCTION = YES;
				GCC_WARN_UNUSED_VARIABLE = YES;
				IPHONEOS_DEPLOYMENT_TARGET = 9.1;
				MTL_ENABLE_DEBUG_INFO = NO;
				SDKROOT = iphoneos;
				TARGETED_DEVICE_FAMILY = "1,2";
				VALIDATE_PRODUCT = YES;
			};
			name = Release;
		};
		F33912241C05249A00294431 /* Debug */ = {
			isa = XCBuildConfiguration;
			buildSettings = {
				ASSETCATALOG_COMPILER_APPICON_NAME = AppIcon;
				INFOPLIST_FILE = SnapChatLikeNavigation/Info.plist;
				LD_RUNPATH_SEARCH_PATHS = "$(inherited) @executable_path/Frameworks";
				PRODUCT_BUNDLE_IDENTIFIER = Peyman.SnapChatLikeNavigation;
				PRODUCT_NAME = "$(TARGET_NAME)";
			};
			name = Debug;
		};
		F33912251C05249A00294431 /* Release */ = {
			isa = XCBuildConfiguration;
			buildSettings = {
				ASSETCATALOG_COMPILER_APPICON_NAME = AppIcon;
				INFOPLIST_FILE = SnapChatLikeNavigation/Info.plist;
				LD_RUNPATH_SEARCH_PATHS = "$(inherited) @executable_path/Frameworks";
				PRODUCT_BUNDLE_IDENTIFIER = Peyman.SnapChatLikeNavigation;
				PRODUCT_NAME = "$(TARGET_NAME)";
			};
			name = Release;
		};
/* End XCBuildConfiguration section */

/* Begin XCConfigurationList section */
		F339120C1C05249A00294431 /* Build configuration list for PBXProject "SnapChatLikeNavigation" */ = {
			isa = XCConfigurationList;
			buildConfigurations = (
				F33912211C05249A00294431 /* Debug */,
				F33912221C05249A00294431 /* Release */,
			);
			defaultConfigurationIsVisible = 0;
			defaultConfigurationName = Release;
		};
		F33912231C05249A00294431 /* Build configuration list for PBXNativeTarget "SnapChatLikeNavigation" */ = {
			isa = XCConfigurationList;
			buildConfigurations = (
				F33912241C05249A00294431 /* Debug */,
				F33912251C05249A00294431 /* Release */,
			);
			defaultConfigurationIsVisible = 0;
		};
/* End XCConfigurationList section */
	};
	rootObject = F33912091C05249A00294431 /* Project object */;
}
